
Microsoft Visual Studio Solution File, Format Version 12.00
# Visual Studio Version 17
VisualStudioVersion = 17.3.32901.215
MinimumVisualStudioVersion = 10.0.40219.1
Project("{FAE04EC0-301F-11D3-BF4B-00C04F79EFBC}") = "AVVLabelExtractor", "AVVLabelExtractor\AVVLabelExtractor.csproj", "{139BF1E3-EE5C-4BD4-8E7D-BE50A6E6352D}"
EndProject
Global
	GlobalSection(SolutionConfigurationPlatforms) = preSolution
		Debug|Any CPU = Debug|Any CPU
		Release|Any CPU = Release|Any CPU
	EndGlobalSection
	GlobalSection(ProjectConfigurationPlatforms) = postSolution
		{139BF1E3-EE5C-4BD4-8E7D-BE50A6E6352D}.Debug|Any CPU.ActiveCfg = Debug|Any CPU
		{139BF1E3-EE5C-4BD4-8E7D-BE50A6E6352D}.Debug|Any CPU.Build.0 = Debug|Any CPU
		{139BF1E3-EE5C-4BD4-8E7D-BE50A6E6352D}.Release|Any CPU.ActiveCfg = Release|Any CPU
		{139BF1E3-EE5C-4BD4-8E7D-BE50A6E6352D}.Release|Any CPU.Build.0 = Release|Any CPU
	EndGlobalSection
	GlobalSection(SolutionProperties) = preSolution
		HideSolutionNode = FALSE
	EndGlobalSection
	GlobalSection(ExtensibilityGlobals) = postSolution
		SolutionGuid = {B81158C4-87C8-48BB-8011-7064C61D1C87}
	EndGlobalSection
EndGlobal
